
Microsoft Visual Studio Solution File, Format Version 12.00
# Visual Studio Version 17
VisualStudioVersion = 17.0.31903.59
MinimumVisualStudioVersion = 10.0.40219.1
Project("{2150E333-8FDC-42A3-9474-1A3956D46DE8}") = "src", "src", "{6347B4BE-124F-4CED-B959-C1E9071105BB}"
EndProject
Project("{FAE04EC0-301F-11D3-BF4B-00C04F79EFBC}") = "Bridge.Core", "src\Bridge.Core\Bridge.Core.csproj", "{CD8AA8A7-9488-464B-AC3A-2BB91C247464}"
EndProject
Project("{FAE04EC0-301F-11D3-BF4B-00C04F79EFBC}") = "Bridge.Inputs", "src\Bridge.Inputs\Bridge.Inputs.csproj", "{378481E1-9550-4695-A7E5-1EB457977434}"
EndProject
Project("{FAE04EC0-301F-11D3-BF4B-00C04F79EFBC}") = "Bridge.Contracts", "src\Bridge.Contracts\Bridge.Contracts.csproj", "{A2124EE5-BF92-4136-9C87-6B6ACD67109E}"
EndProject
Project("{FAE04EC0-301F-11D3-BF4B-00C04F79EFBC}") = "Bridge.Host", "src\Bridge.Host\Bridge.Host.csproj", "{A620EA64-1E9A-4025-A4C1-7800A9ABE376}"
EndProject
Project("{2150E333-8FDC-42A3-9474-1A3956D46DE8}") = "tests", "tests", "{3EF07876-96DD-49B7-B39E-128491B6F52C}"
EndProject
Project("{FAE04EC0-301F-11D3-BF4B-00C04F79EFBC}") = "Bridge.Core.Tests", "tests\Bridge.Core.Tests\Bridge.Core.Tests.csproj", "{FCBD5874-02CF-472E-AD8F-EF06EE127B0D}"
EndProject
Project("{2150E333-8FDC-42A3-9474-1A3956D46DE8}") = "tools", "tools", "{8A297F2F-C218-405F-9D84-E854465A26D4}"
EndProject
Project("{FAE04EC0-301F-11D3-BF4B-00C04F79EFBC}") = "Bridge.Tools.UdpSimulator", "tools\Bridge.Tools.UdpSimulator\Bridge.Tools.UdpSimulator.csproj", "{283234BB-4CE0-42AD-91CD-3A10D23AE70D}"
EndProject
Project("{FAE04EC0-301F-11D3-BF4B-00C04F79EFBC}") = "Bridge.Tools.WebClient", "tools\Bridge.Tools.WebClient\Bridge.Tools.WebClient.csproj", "{6545CD3F-DD2E-4123-8EAA-ADF58867D729}"
EndProject
Project("{FAE04EC0-301F-11D3-BF4B-00C04F79EFBC}") = "Bridge.Storage", "src\Bridge.Storage\Bridge.Storage.csproj", "{EE3D2322-DC04-49A9-B764-4116776F6872}"
EndProject
Project("{FAE04EC0-301F-11D3-BF4B-00C04F79EFBC}") = "Bridge.InterBridge", "src\Bridge.InterBridge\Bridge.InterBridge.csproj", "{FAE0D078-0501-44D7-AAE9-D5D7B99A2C4A}"
EndProject
Project("{FAE04EC0-301F-11D3-BF4B-00C04F79EFBC}") = "Bridge.DataProvider", "src\Bridge.DataProvider\Bridge.DataProvider.csproj", "{46605DEF-AFFE-428B-80F6-E6220C40258A}"
EndProject
Project("{FAE04EC0-301F-11D3-BF4B-00C04F79EFBC}") = "Bridge.DataService", "src\Bridge.DataService\Bridge.DataService.csproj", "{C2C5D4CB-2A1E-427B-955E-CB256D72680B}"
EndProject
Project("{FAE04EC0-301F-11D3-BF4B-00C04F79EFBC}") = "Bridge.DataServer", "src\Bridge.DataServer\Bridge.DataServer.csproj", "{3C1A9BD0-BD1D-4FED-BAEA-8F017ADED491}"
EndProject
Global
	GlobalSection(SolutionConfigurationPlatforms) = preSolution
		Debug|Any CPU = Debug|Any CPU
		Release|Any CPU = Release|Any CPU
	EndGlobalSection
	GlobalSection(SolutionProperties) = preSolution
		HideSolutionNode = FALSE
	EndGlobalSection
	GlobalSection(ProjectConfigurationPlatforms) = postSolution
		{CD8AA8A7-9488-464B-AC3A-2BB91C247464}.Debug|Any CPU.ActiveCfg = Debug|Any CPU
		{CD8AA8A7-9488-464B-AC3A-2BB91C247464}.Debug|Any CPU.Build.0 = Debug|Any CPU
		{CD8AA8A7-9488-464B-AC3A-2BB91C247464}.Release|Any CPU.ActiveCfg = Release|Any CPU
		{CD8AA8A7-9488-464B-AC3A-2BB91C247464}.Release|Any CPU.Build.0 = Release|Any CPU
		{378481E1-9550-4695-A7E5-1EB457977434}.Debug|Any CPU.ActiveCfg = Debug|Any CPU
		{378481E1-9550-4695-A7E5-1EB457977434}.Debug|Any CPU.Build.0 = Debug|Any CPU
		{378481E1-9550-4695-A7E5-1EB457977434}.Release|Any CPU.ActiveCfg = Release|Any CPU
		{378481E1-9550-4695-A7E5-1EB457977434}.Release|Any CPU.Build.0 = Release|Any CPU
		{A2124EE5-BF92-4136-9C87-6B6ACD67109E}.Debug|Any CPU.ActiveCfg = Debug|Any CPU
		{A2124EE5-BF92-4136-9C87-6B6ACD67109E}.Debug|Any CPU.Build.0 = Debug|Any CPU
		{A2124EE5-BF92-4136-9C87-6B6ACD67109E}.Release|Any CPU.ActiveCfg = Release|Any CPU
		{A2124EE5-BF92-4136-9C87-6B6ACD67109E}.Release|Any CPU.Build.0 = Release|Any CPU
		{A620EA64-1E9A-4025-A4C1-7800A9ABE376}.Debug|Any CPU.ActiveCfg = Debug|Any CPU
		{A620EA64-1E9A-4025-A4C1-7800A9ABE376}.Debug|Any CPU.Build.0 = Debug|Any CPU
		{A620EA64-1E9A-4025-A4C1-7800A9ABE376}.Release|Any CPU.ActiveCfg = Release|Any CPU
		{A620EA64-1E9A-4025-A4C1-7800A9ABE376}.Release|Any CPU.Build.0 = Release|Any CPU
		{FCBD5874-02CF-472E-AD8F-EF06EE127B0D}.Debug|Any CPU.ActiveCfg = Debug|Any CPU
		{FCBD5874-02CF-472E-AD8F-EF06EE127B0D}.Debug|Any CPU.Build.0 = Debug|Any CPU
		{FCBD5874-02CF-472E-AD8F-EF06EE127B0D}.Release|Any CPU.ActiveCfg = Release|Any CPU
		{FCBD5874-02CF-472E-AD8F-EF06EE127B0D}.Release|Any CPU.Build.0 = Release|Any CPU
		{283234BB-4CE0-42AD-91CD-3A10D23AE70D}.Debug|Any CPU.ActiveCfg = Debug|Any CPU
		{283234BB-4CE0-42AD-91CD-3A10D23AE70D}.Debug|Any CPU.Build.0 = Debug|Any CPU
		{283234BB-4CE0-42AD-91CD-3A10D23AE70D}.Release|Any CPU.ActiveCfg = Release|Any CPU
		{283234BB-4CE0-42AD-91CD-3A10D23AE70D}.Release|Any CPU.Build.0 = Release|Any CPU
		{6545CD3F-DD2E-4123-8EAA-ADF58867D729}.Debug|Any CPU.ActiveCfg = Debug|Any CPU
		{6545CD3F-DD2E-4123-8EAA-ADF58867D729}.Debug|Any CPU.Build.0 = Debug|Any CPU
		{6545CD3F-DD2E-4123-8EAA-ADF58867D729}.Release|Any CPU.ActiveCfg = Release|Any CPU
		{6545CD3F-DD2E-4123-8EAA-ADF58867D729}.Release|Any CPU.Build.0 = Release|Any CPU
		{EE3D2322-DC04-49A9-B764-4116776F6872}.Debug|Any CPU.ActiveCfg = Debug|Any CPU
		{EE3D2322-DC04-49A9-B764-4116776F6872}.Debug|Any CPU.Build.0 = Debug|Any CPU
		{EE3D2322-DC04-49A9-B764-4116776F6872}.Release|Any CPU.ActiveCfg = Release|Any CPU
		{EE3D2322-DC04-49A9-B764-4116776F6872}.Release|Any CPU.Build.0 = Release|Any CPU
		{FAE0D078-0501-44D7-AAE9-D5D7B99A2C4A}.Debug|Any CPU.ActiveCfg = Debug|Any CPU
		{FAE0D078-0501-44D7-AAE9-D5D7B99A2C4A}.Debug|Any CPU.Build.0 = Debug|Any CPU
		{FAE0D078-0501-44D7-AAE9-D5D7B99A2C4A}.Release|Any CPU.ActiveCfg = Release|Any CPU
		{FAE0D078-0501-44D7-AAE9-D5D7B99A2C4A}.Release|Any CPU.Build.0 = Release|Any CPU
		{46605DEF-AFFE-428B-80F6-E6220C40258A}.Debug|Any CPU.ActiveCfg = Debug|Any CPU
		{46605DEF-AFFE-428B-80F6-E6220C40258A}.Debug|Any CPU.Build.0 = Debug|Any CPU
		{46605DEF-AFFE-428B-80F6-E6220C40258A}.Release|Any CPU.ActiveCfg = Release|Any CPU
		{46605DEF-AFFE-428B-80F6-E6220C40258A}.Release|Any CPU.Build.0 = Release|Any CPU
		{C2C5D4CB-2A1E-427B-955E-CB256D72680B}.Debug|Any CPU.ActiveCfg = Debug|Any CPU
		{C2C5D4CB-2A1E-427B-955E-CB256D72680B}.Debug|Any CPU.Build.0 = Debug|Any CPU
		{C2C5D4CB-2A1E-427B-955E-CB256D72680B}.Release|Any CPU.ActiveCfg = Release|Any CPU
		{C2C5D4CB-2A1E-427B-955E-CB256D72680B}.Release|Any CPU.Build.0 = Release|Any CPU
		{3C1A9BD0-BD1D-4FED-BAEA-8F017ADED491}.Debug|Any CPU.ActiveCfg = Debug|Any CPU
		{3C1A9BD0-BD1D-4FED-BAEA-8F017ADED491}.Debug|Any CPU.Build.0 = Debug|Any CPU
		{3C1A9BD0-BD1D-4FED-BAEA-8F017ADED491}.Release|Any CPU.ActiveCfg = Release|Any CPU
		{3C1A9BD0-BD1D-4FED-BAEA-8F017ADED491}.Release|Any CPU.Build.0 = Release|Any CPU
	EndGlobalSection
	GlobalSection(NestedProjects) = preSolution
		{CD8AA8A7-9488-464B-AC3A-2BB91C247464} = {6347B4BE-124F-4CED-B959-C1E9071105BB}
		{378481E1-9550-4695-A7E5-1EB457977434} = {6347B4BE-124F-4CED-B959-C1E9071105BB}
		{A2124EE5-BF92-4136-9C87-6B6ACD67109E} = {6347B4BE-124F-4CED-B959-C1E9071105BB}
		{A620EA64-1E9A-4025-A4C1-7800A9ABE376} = {6347B4BE-124F-4CED-B959-C1E9071105BB}
		{FCBD5874-02CF-472E-AD8F-EF06EE127B0D} = {3EF07876-96DD-49B7-B39E-128491B6F52C}
		{283234BB-4CE0-42AD-91CD-3A10D23AE70D} = {8A297F2F-C218-405F-9D84-E854465A26D4}
		{6545CD3F-DD2E-4123-8EAA-ADF58867D729} = {8A297F2F-C218-405F-9D84-E854465A26D4}
		{EE3D2322-DC04-49A9-B764-4116776F6872} = {6347B4BE-124F-4CED-B959-C1E9071105BB}
		{FAE0D078-0501-44D7-AAE9-D5D7B99A2C4A} = {6347B4BE-124F-4CED-B959-C1E9071105BB}
		{46605DEF-AFFE-428B-80F6-E6220C40258A} = {6347B4BE-124F-4CED-B959-C1E9071105BB}
		{C2C5D4CB-2A1E-427B-955E-CB256D72680B} = {6347B4BE-124F-4CED-B959-C1E9071105BB}
		{3C1A9BD0-BD1D-4FED-BAEA-8F017ADED491} = {6347B4BE-124F-4CED-B959-C1E9071105BB}
	EndGlobalSection
EndGlobal
